// !$*UTF8*$!
{
	archiveVersion = 1;
	classes = {
	};
	objectVersion = 56;
	objects = {

/* Begin PBXBuildFile section */
		BF48DCEE2ABD2FA9000CEFD6 /* AppDelegate.swift in Sources */ = {isa = PBXBuildFile; fileRef = BF48DCED2ABD2FA9000CEFD6 /* AppDelegate.swift */; };
		BF48DCF02ABD2FA9000CEFD6 /* SceneDelegate.swift in Sources */ = {isa = PBXBuildFile; fileRef = BF48DCEF2ABD2FA9000CEFD6 /* SceneDelegate.swift */; };
		BF48DCF22ABD2FA9000CEFD6 /* ListViewController.swift in Sources */ = {isa = PBXBuildFile; fileRef = BF48DCF12ABD2FA9000CEFD6 /* ListViewController.swift */; };
		BF48DCF72ABD2FAA000CEFD6 /* Assets.xcassets in Resources */ = {isa = PBXBuildFile; fileRef = BF48DCF62ABD2FAA000CEFD6 /* Assets.xcassets */; };
		BF48DCFA2ABD2FAA000CEFD6 /* LaunchScreen.storyboard in Resources */ = {isa = PBXBuildFile; fileRef = BF48DCF82ABD2FAA000CEFD6 /* LaunchScreen.storyboard */; };
		BF48DD062AC1172A000CEFD6 /* Category.swift in Sources */ = {isa = PBXBuildFile; fileRef = BF48DD052AC1172A000CEFD6 /* Category.swift */; };
		BF48DD0C2AC11D25000CEFD6 /* Gu.swift in Sources */ = {isa = PBXBuildFile; fileRef = BF48DD0B2AC11D25000CEFD6 /* Gu.swift */; };
		BF48DD0E2AC156A1000CEFD6 /* Event.swift in Sources */ = {isa = PBXBuildFile; fileRef = BF48DD0D2AC156A1000CEFD6 /* Event.swift */; };
		BF48DD1E2AC1B650000CEFD6 /* UseCase.swift in Sources */ = {isa = PBXBuildFile; fileRef = BF48DD1D2AC1B650000CEFD6 /* UseCase.swift */; };
		BF48DD202AC1B6AE000CEFD6 /* UseCaseDelegate.swift in Sources */ = {isa = PBXBuildFile; fileRef = BF48DD1F2AC1B6AE000CEFD6 /* UseCaseDelegate.swift */; };
		BF48DD222AC1B74E000CEFD6 /* ListUseCase.swift in Sources */ = {isa = PBXBuildFile; fileRef = BF48DD212AC1B74E000CEFD6 /* ListUseCase.swift */; };
		BF48DD242AC1CAFD000CEFD6 /* ScrapUseCase.swift in Sources */ = {isa = PBXBuildFile; fileRef = BF48DD232AC1CAFD000CEFD6 /* ScrapUseCase.swift */; };
		BF48DD302AC2C635000CEFD6 /* GlobalConstant.swift in Sources */ = {isa = PBXBuildFile; fileRef = BF48DD2F2AC2C635000CEFD6 /* GlobalConstant.swift */; };
		BF48DD332AC2C73E000CEFD6 /* ViewModel.swift in Sources */ = {isa = PBXBuildFile; fileRef = BF48DD322AC2C73E000CEFD6 /* ViewModel.swift */; };
		BF48DD362AC31C7A000CEFD6 /* DateFormatter+.swift in Sources */ = {isa = PBXBuildFile; fileRef = BF48DD352AC31C7A000CEFD6 /* DateFormatter+.swift */; };
		BF48DD382AC31F90000CEFD6 /* ListViewModel.swift in Sources */ = {isa = PBXBuildFile; fileRef = BF48DD372AC31F90000CEFD6 /* ListViewModel.swift */; };
		BF48DD402AC3E358000CEFD6 /* UIStackView+.swift in Sources */ = {isa = PBXBuildFile; fileRef = BF48DD3F2AC3E358000CEFD6 /* UIStackView+.swift */; };
		BF48DD422AC3E58A000CEFD6 /* UILabel+.swift in Sources */ = {isa = PBXBuildFile; fileRef = BF48DD412AC3E58A000CEFD6 /* UILabel+.swift */; };
		BF48DD452AC3E673000CEFD6 /* ListCell.swift in Sources */ = {isa = PBXBuildFile; fileRef = BF48DD442AC3E673000CEFD6 /* ListCell.swift */; };
/* End PBXBuildFile section */

/* Begin PBXFileReference section */
		BF48DCEA2ABD2FA9000CEFD6 /* FreeSeoulCulturalLife.app */ = {isa = PBXFileReference; explicitFileType = wrapper.application; includeInIndex = 0; path = FreeSeoulCulturalLife.app; sourceTree = BUILT_PRODUCTS_DIR; };
		BF48DCED2ABD2FA9000CEFD6 /* AppDelegate.swift */ = {isa = PBXFileReference; lastKnownFileType = sourcecode.swift; path = AppDelegate.swift; sourceTree = "<group>"; };
		BF48DCEF2ABD2FA9000CEFD6 /* SceneDelegate.swift */ = {isa = PBXFileReference; lastKnownFileType = sourcecode.swift; path = SceneDelegate.swift; sourceTree = "<group>"; };
		BF48DCF12ABD2FA9000CEFD6 /* ListViewController.swift */ = {isa = PBXFileReference; lastKnownFileType = sourcecode.swift; path = ListViewController.swift; sourceTree = "<group>"; };
		BF48DCF62ABD2FAA000CEFD6 /* Assets.xcassets */ = {isa = PBXFileReference; lastKnownFileType = folder.assetcatalog; path = Assets.xcassets; sourceTree = "<group>"; };
		BF48DCF92ABD2FAA000CEFD6 /* Base */ = {isa = PBXFileReference; lastKnownFileType = file.storyboard; name = Base; path = Base.lproj/LaunchScreen.storyboard; sourceTree = "<group>"; };
		BF48DCFB2ABD2FAA000CEFD6 /* Info.plist */ = {isa = PBXFileReference; lastKnownFileType = text.plist.xml; path = Info.plist; sourceTree = "<group>"; };
		BF48DD052AC1172A000CEFD6 /* Category.swift */ = {isa = PBXFileReference; lastKnownFileType = sourcecode.swift; path = Category.swift; sourceTree = "<group>"; };
		BF48DD0B2AC11D25000CEFD6 /* Gu.swift */ = {isa = PBXFileReference; lastKnownFileType = sourcecode.swift; path = Gu.swift; sourceTree = "<group>"; };
		BF48DD0D2AC156A1000CEFD6 /* Event.swift */ = {isa = PBXFileReference; lastKnownFileType = sourcecode.swift; path = Event.swift; sourceTree = "<group>"; };
		BF48DD1D2AC1B650000CEFD6 /* UseCase.swift */ = {isa = PBXFileReference; lastKnownFileType = sourcecode.swift; path = UseCase.swift; sourceTree = "<group>"; };
		BF48DD1F2AC1B6AE000CEFD6 /* UseCaseDelegate.swift */ = {isa = PBXFileReference; lastKnownFileType = sourcecode.swift; path = UseCaseDelegate.swift; sourceTree = "<group>"; };
		BF48DD212AC1B74E000CEFD6 /* ListUseCase.swift */ = {isa = PBXFileReference; lastKnownFileType = sourcecode.swift; path = ListUseCase.swift; sourceTree = "<group>"; };
		BF48DD232AC1CAFD000CEFD6 /* ScrapUseCase.swift */ = {isa = PBXFileReference; lastKnownFileType = sourcecode.swift; path = ScrapUseCase.swift; sourceTree = "<group>"; };
		BF48DD2F2AC2C635000CEFD6 /* GlobalConstant.swift */ = {isa = PBXFileReference; lastKnownFileType = sourcecode.swift; path = GlobalConstant.swift; sourceTree = "<group>"; };
		BF48DD322AC2C73E000CEFD6 /* ViewModel.swift */ = {isa = PBXFileReference; lastKnownFileType = sourcecode.swift; path = ViewModel.swift; sourceTree = "<group>"; };
		BF48DD352AC31C7A000CEFD6 /* DateFormatter+.swift */ = {isa = PBXFileReference; lastKnownFileType = sourcecode.swift; path = "DateFormatter+.swift"; sourceTree = "<group>"; };
		BF48DD372AC31F90000CEFD6 /* ListViewModel.swift */ = {isa = PBXFileReference; lastKnownFileType = sourcecode.swift; path = ListViewModel.swift; sourceTree = "<group>"; };
		BF48DD3F2AC3E358000CEFD6 /* UIStackView+.swift */ = {isa = PBXFileReference; lastKnownFileType = sourcecode.swift; path = "UIStackView+.swift"; sourceTree = "<group>"; };
		BF48DD412AC3E58A000CEFD6 /* UILabel+.swift */ = {isa = PBXFileReference; lastKnownFileType = sourcecode.swift; path = "UILabel+.swift"; sourceTree = "<group>"; };
		BF48DD442AC3E673000CEFD6 /* ListCell.swift */ = {isa = PBXFileReference; lastKnownFileType = sourcecode.swift; path = ListCell.swift; sourceTree = "<group>"; };
/* End PBXFileReference section */

/* Begin PBXFrameworksBuildPhase section */
		BF48DCE72ABD2FA9000CEFD6 /* Frameworks */ = {
			isa = PBXFrameworksBuildPhase;
			buildActionMask = 2147483647;
			files = (
			);
			runOnlyForDeploymentPostprocessing = 0;
		};
/* End PBXFrameworksBuildPhase section */

/* Begin PBXGroup section */
		BF48DCE12ABD2FA9000CEFD6 = {
			isa = PBXGroup;
			children = (
				BF48DCEC2ABD2FA9000CEFD6 /* FreeSeoulCulturalLife */,
				BF48DCEB2ABD2FA9000CEFD6 /* Products */,
			);
			sourceTree = "<group>";
		};
		BF48DCEB2ABD2FA9000CEFD6 /* Products */ = {
			isa = PBXGroup;
			children = (
				BF48DCEA2ABD2FA9000CEFD6 /* FreeSeoulCulturalLife.app */,
			);
			name = Products;
			sourceTree = "<group>";
		};
		BF48DCEC2ABD2FA9000CEFD6 /* FreeSeoulCulturalLife */ = {
			isa = PBXGroup;
			children = (
				BF48DCED2ABD2FA9000CEFD6 /* AppDelegate.swift */,
				BF48DCEF2ABD2FA9000CEFD6 /* SceneDelegate.swift */,
				BF48DD012ABD304C000CEFD6 /* Resource */,
				BF48DD2E2AC2C61E000CEFD6 /* Utility */,
				BF48DD022AC111A2000CEFD6 /* Entities */,
				BF48DD1B2AC1B62D000CEFD6 /* UseCases */,
				BF48DD312AC2C725000CEFD6 /* InterfaceAdapters */,
				BF48DD3A2AC323C6000CEFD6 /* FrameworksAndDrivers */,
			);
			path = FreeSeoulCulturalLife;
			sourceTree = "<group>";
		};
		BF48DD012ABD304C000CEFD6 /* Resource */ = {
			isa = PBXGroup;
			children = (
				BF48DCF62ABD2FAA000CEFD6 /* Assets.xcassets */,
				BF48DCF82ABD2FAA000CEFD6 /* LaunchScreen.storyboard */,
				BF48DCFB2ABD2FAA000CEFD6 /* Info.plist */,
			);
			path = Resource;
			sourceTree = "<group>";
		};
		BF48DD022AC111A2000CEFD6 /* Entities */ = {
			isa = PBXGroup;
			children = (
				BF48DD052AC1172A000CEFD6 /* Category.swift */,
				BF48DD0B2AC11D25000CEFD6 /* Gu.swift */,
				BF48DD0D2AC156A1000CEFD6 /* Event.swift */,
			);
			path = Entities;
			sourceTree = "<group>";
		};
		BF48DD1B2AC1B62D000CEFD6 /* UseCases */ = {
			isa = PBXGroup;
			children = (
				BF48DD1C2AC1B63E000CEFD6 /* Protocols */,
				BF48DD212AC1B74E000CEFD6 /* ListUseCase.swift */,
				BF48DD232AC1CAFD000CEFD6 /* ScrapUseCase.swift */,
			);
			path = UseCases;
			sourceTree = "<group>";
		};
		BF48DD1C2AC1B63E000CEFD6 /* Protocols */ = {
			isa = PBXGroup;
			children = (
				BF48DD1D2AC1B650000CEFD6 /* UseCase.swift */,
				BF48DD1F2AC1B6AE000CEFD6 /* UseCaseDelegate.swift */,
			);
			name = Protocols;
			sourceTree = "<group>";
		};
		BF48DD2E2AC2C61E000CEFD6 /* Utility */ = {
			isa = PBXGroup;
			children = (
				BF48DD342AC31C63000CEFD6 /* Extensions */,
				BF48DD2F2AC2C635000CEFD6 /* GlobalConstant.swift */,
			);
			path = Utility;
			sourceTree = "<group>";
		};
		BF48DD312AC2C725000CEFD6 /* InterfaceAdapters */ = {
			isa = PBXGroup;
			children = (
				BF48DD392AC31F9C000CEFD6 /* ViewModel */,
			);
			path = InterfaceAdapters;
			sourceTree = "<group>";
		};
		BF48DD342AC31C63000CEFD6 /* Extensions */ = {
			isa = PBXGroup;
			children = (
				BF48DD352AC31C7A000CEFD6 /* DateFormatter+.swift */,
				BF48DD3F2AC3E358000CEFD6 /* UIStackView+.swift */,
				BF48DD412AC3E58A000CEFD6 /* UILabel+.swift */,
			);
			path = Extensions;
			sourceTree = "<group>";
		};
		BF48DD392AC31F9C000CEFD6 /* ViewModel */ = {
			isa = PBXGroup;
			children = (
				BF48DD322AC2C73E000CEFD6 /* ViewModel.swift */,
				BF48DD372AC31F90000CEFD6 /* ListViewModel.swift */,
			);
			path = ViewModel;
			sourceTree = "<group>";
		};
		BF48DD3A2AC323C6000CEFD6 /* FrameworksAndDrivers */ = {
			isa = PBXGroup;
			children = (
				BF48DD3B2AC3E0DF000CEFD6 /* ViewController */,
				BF48DD432AC3E660000CEFD6 /* View */,
			);
			path = FrameworksAndDrivers;
			sourceTree = "<group>";
		};
		BF48DD3B2AC3E0DF000CEFD6 /* ViewController */ = {
			isa = PBXGroup;
			children = (
				BF48DCF12ABD2FA9000CEFD6 /* ListViewController.swift */,
			);
			path = ViewController;
			sourceTree = "<group>";
		};
		BF48DD432AC3E660000CEFD6 /* View */ = {
			isa = PBXGroup;
			children = (
				BF48DD442AC3E673000CEFD6 /* ListCell.swift */,
			);
			path = View;
			sourceTree = "<group>";
		};
/* End PBXGroup section */

/* Begin PBXNativeTarget section */
		BF48DCE92ABD2FA9000CEFD6 /* FreeSeoulCulturalLife */ = {
			isa = PBXNativeTarget;
			buildConfigurationList = BF48DCFE2ABD2FAA000CEFD6 /* Build configuration list for PBXNativeTarget "FreeSeoulCulturalLife" */;
			buildPhases = (
				BF48DCE62ABD2FA9000CEFD6 /* Sources */,
				BF48DCE72ABD2FA9000CEFD6 /* Frameworks */,
				BF48DCE82ABD2FA9000CEFD6 /* Resources */,
			);
			buildRules = (
			);
			dependencies = (
			);
			name = FreeSeoulCulturalLife;
			productName = FreeSeoulCulturalLife;
			productReference = BF48DCEA2ABD2FA9000CEFD6 /* FreeSeoulCulturalLife.app */;
			productType = "com.apple.product-type.application";
		};
/* End PBXNativeTarget section */

/* Begin PBXProject section */
		BF48DCE22ABD2FA9000CEFD6 /* Project object */ = {
			isa = PBXProject;
			attributes = {
				BuildIndependentTargetsInParallel = 1;
				LastSwiftUpdateCheck = 1500;
				LastUpgradeCheck = 1500;
				TargetAttributes = {
					BF48DCE92ABD2FA9000CEFD6 = {
						CreatedOnToolsVersion = 15.0;
					};
				};
			};
			buildConfigurationList = BF48DCE52ABD2FA9000CEFD6 /* Build configuration list for PBXProject "FreeSeoulCulturalLife" */;
			compatibilityVersion = "Xcode 14.0";
			developmentRegion = en;
			hasScannedForEncodings = 0;
			knownRegions = (
				en,
				Base,
			);
			mainGroup = BF48DCE12ABD2FA9000CEFD6;
			productRefGroup = BF48DCEB2ABD2FA9000CEFD6 /* Products */;
			projectDirPath = "";
			projectRoot = "";
			targets = (
				BF48DCE92ABD2FA9000CEFD6 /* FreeSeoulCulturalLife */,
			);
		};
/* End PBXProject section */

/* Begin PBXResourcesBuildPhase section */
		BF48DCE82ABD2FA9000CEFD6 /* Resources */ = {
			isa = PBXResourcesBuildPhase;
			buildActionMask = 2147483647;
			files = (
				BF48DCFA2ABD2FAA000CEFD6 /* LaunchScreen.storyboard in Resources */,
				BF48DCF72ABD2FAA000CEFD6 /* Assets.xcassets in Resources */,
			);
			runOnlyForDeploymentPostprocessing = 0;
		};
/* End PBXResourcesBuildPhase section */

/* Begin PBXSourcesBuildPhase section */
		BF48DCE62ABD2FA9000CEFD6 /* Sources */ = {
			isa = PBXSourcesBuildPhase;
			buildActionMask = 2147483647;
			files = (
				BF48DD062AC1172A000CEFD6 /* Category.swift in Sources */,
				BF48DD242AC1CAFD000CEFD6 /* ScrapUseCase.swift in Sources */,
				BF48DD422AC3E58A000CEFD6 /* UILabel+.swift in Sources */,
				BF48DD382AC31F90000CEFD6 /* ListViewModel.swift in Sources */,
				BF48DD362AC31C7A000CEFD6 /* DateFormatter+.swift in Sources */,
				BF48DD1E2AC1B650000CEFD6 /* UseCase.swift in Sources */,
				BF48DD222AC1B74E000CEFD6 /* ListUseCase.swift in Sources */,
				BF48DD402AC3E358000CEFD6 /* UIStackView+.swift in Sources */,
				BF48DCF22ABD2FA9000CEFD6 /* ListViewController.swift in Sources */,
				BF48DCEE2ABD2FA9000CEFD6 /* AppDelegate.swift in Sources */,
				BF48DCF02ABD2FA9000CEFD6 /* SceneDelegate.swift in Sources */,
				BF48DD452AC3E673000CEFD6 /* ListCell.swift in Sources */,
				BF48DD0E2AC156A1000CEFD6 /* Event.swift in Sources */,
				BF48DD0C2AC11D25000CEFD6 /* Gu.swift in Sources */,
				BF48DD202AC1B6AE000CEFD6 /* UseCaseDelegate.swift in Sources */,
				BF48DD332AC2C73E000CEFD6 /* ViewModel.swift in Sources */,
				BF48DD302AC2C635000CEFD6 /* GlobalConstant.swift in Sources */,
			);
			runOnlyForDeploymentPostprocessing = 0;
		};
/* End PBXSourcesBuildPhase section */

/* Begin PBXVariantGroup section */
		BF48DCF82ABD2FAA000CEFD6 /* LaunchScreen.storyboard */ = {
			isa = PBXVariantGroup;
			children = (
				BF48DCF92ABD2FAA000CEFD6 /* Base */,
			);
			name = LaunchScreen.storyboard;
			sourceTree = "<group>";
		};
/* End PBXVariantGroup section */

/* Begin XCBuildConfiguration section */
		BF48DCFC2ABD2FAA000CEFD6 /* Debug */ = {
			isa = XCBuildConfiguration;
			buildSettings = {
				ALWAYS_SEARCH_USER_PATHS = NO;
				ASSETCATALOG_COMPILER_GENERATE_SWIFT_ASSET_SYMBOL_EXTENSIONS = YES;
				CLANG_ANALYZER_NONNULL = YES;
				CLANG_ANALYZER_NUMBER_OBJECT_CONVERSION = YES_AGGRESSIVE;
				CLANG_CXX_LANGUAGE_STANDARD = "gnu++20";
				CLANG_ENABLE_MODULES = YES;
				CLANG_ENABLE_OBJC_ARC = YES;
				CLANG_ENABLE_OBJC_WEAK = YES;
				CLANG_WARN_BLOCK_CAPTURE_AUTORELEASING = YES;
				CLANG_WARN_BOOL_CONVERSION = YES;
				CLANG_WARN_COMMA = YES;
				CLANG_WARN_CONSTANT_CONVERSION = YES;
				CLANG_WARN_DEPRECATED_OBJC_IMPLEMENTATIONS = YES;
				CLANG_WARN_DIRECT_OBJC_ISA_USAGE = YES_ERROR;
				CLANG_WARN_DOCUMENTATION_COMMENTS = YES;
				CLANG_WARN_EMPTY_BODY = YES;
				CLANG_WARN_ENUM_CONVERSION = YES;
				CLANG_WARN_INFINITE_RECURSION = YES;
				CLANG_WARN_INT_CONVERSION = YES;
				CLANG_WARN_NON_LITERAL_NULL_CONVERSION = YES;
				CLANG_WARN_OBJC_IMPLICIT_RETAIN_SELF = YES;
				CLANG_WARN_OBJC_LITERAL_CONVERSION = YES;
				CLANG_WARN_OBJC_ROOT_CLASS = YES_ERROR;
				CLANG_WARN_QUOTED_INCLUDE_IN_FRAMEWORK_HEADER = YES;
				CLANG_WARN_RANGE_LOOP_ANALYSIS = YES;
				CLANG_WARN_STRICT_PROTOTYPES = YES;
				CLANG_WARN_SUSPICIOUS_MOVE = YES;
				CLANG_WARN_UNGUARDED_AVAILABILITY = YES_AGGRESSIVE;
				CLANG_WARN_UNREACHABLE_CODE = YES;
				CLANG_WARN__DUPLICATE_METHOD_MATCH = YES;
				COPY_PHASE_STRIP = NO;
				DEBUG_INFORMATION_FORMAT = dwarf;
				ENABLE_STRICT_OBJC_MSGSEND = YES;
				ENABLE_TESTABILITY = YES;
				ENABLE_USER_SCRIPT_SANDBOXING = YES;
				GCC_C_LANGUAGE_STANDARD = gnu17;
				GCC_DYNAMIC_NO_PIC = NO;
				GCC_NO_COMMON_BLOCKS = YES;
				GCC_OPTIMIZATION_LEVEL = 0;
				GCC_PREPROCESSOR_DEFINITIONS = (
					"DEBUG=1",
					"$(inherited)",
				);
				GCC_WARN_64_TO_32_BIT_CONVERSION = YES;
				GCC_WARN_ABOUT_RETURN_TYPE = YES_ERROR;
				GCC_WARN_UNDECLARED_SELECTOR = YES;
				GCC_WARN_UNINITIALIZED_AUTOS = YES_AGGRESSIVE;
				GCC_WARN_UNUSED_FUNCTION = YES;
				GCC_WARN_UNUSED_VARIABLE = YES;
				IPHONEOS_DEPLOYMENT_TARGET = 17.0;
				LOCALIZATION_PREFERS_STRING_CATALOGS = YES;
				MTL_ENABLE_DEBUG_INFO = INCLUDE_SOURCE;
				MTL_FAST_MATH = YES;
				ONLY_ACTIVE_ARCH = YES;
				SDKROOT = iphoneos;
				SWIFT_ACTIVE_COMPILATION_CONDITIONS = "DEBUG $(inherited)";
				SWIFT_OPTIMIZATION_LEVEL = "-Onone";
			};
			name = Debug;
		};
		BF48DCFD2ABD2FAA000CEFD6 /* Release */ = {
			isa = XCBuildConfiguration;
			buildSettings = {
				ALWAYS_SEARCH_USER_PATHS = NO;
				ASSETCATALOG_COMPILER_GENERATE_SWIFT_ASSET_SYMBOL_EXTENSIONS = YES;
				CLANG_ANALYZER_NONNULL = YES;
				CLANG_ANALYZER_NUMBER_OBJECT_CONVERSION = YES_AGGRESSIVE;
				CLANG_CXX_LANGUAGE_STANDARD = "gnu++20";
				CLANG_ENABLE_MODULES = YES;
				CLANG_ENABLE_OBJC_ARC = YES;
				CLANG_ENABLE_OBJC_WEAK = YES;
				CLANG_WARN_BLOCK_CAPTURE_AUTORELEASING = YES;
				CLANG_WARN_BOOL_CONVERSION = YES;
				CLANG_WARN_COMMA = YES;
				CLANG_WARN_CONSTANT_CONVERSION = YES;
				CLANG_WARN_DEPRECATED_OBJC_IMPLEMENTATIONS = YES;
				CLANG_WARN_DIRECT_OBJC_ISA_USAGE = YES_ERROR;
				CLANG_WARN_DOCUMENTATION_COMMENTS = YES;
				CLANG_WARN_EMPTY_BODY = YES;
				CLANG_WARN_ENUM_CONVERSION = YES;
				CLANG_WARN_INFINITE_RECURSION = YES;
				CLANG_WARN_INT_CONVERSION = YES;
				CLANG_WARN_NON_LITERAL_NULL_CONVERSION = YES;
				CLANG_WARN_OBJC_IMPLICIT_RETAIN_SELF = YES;
				CLANG_WARN_OBJC_LITERAL_CONVERSION = YES;
				CLANG_WARN_OBJC_ROOT_CLASS = YES_ERROR;
				CLANG_WARN_QUOTED_INCLUDE_IN_FRAMEWORK_HEADER = YES;
				CLANG_WARN_RANGE_LOOP_ANALYSIS = YES;
				CLANG_WARN_STRICT_PROTOTYPES = YES;
				CLANG_WARN_SUSPICIOUS_MOVE = YES;
				CLANG_WARN_UNGUARDED_AVAILABILITY = YES_AGGRESSIVE;
				CLANG_WARN_UNREACHABLE_CODE = YES;
				CLANG_WARN__DUPLICATE_METHOD_MATCH = YES;
				COPY_PHASE_STRIP = NO;
				DEBUG_INFORMATION_FORMAT = "dwarf-with-dsym";
				ENABLE_NS_ASSERTIONS = NO;
				ENABLE_STRICT_OBJC_MSGSEND = YES;
				ENABLE_USER_SCRIPT_SANDBOXING = YES;
				GCC_C_LANGUAGE_STANDARD = gnu17;
				GCC_NO_COMMON_BLOCKS = YES;
				GCC_WARN_64_TO_32_BIT_CONVERSION = YES;
				GCC_WARN_ABOUT_RETURN_TYPE = YES_ERROR;
				GCC_WARN_UNDECLARED_SELECTOR = YES;
				GCC_WARN_UNINITIALIZED_AUTOS = YES_AGGRESSIVE;
				GCC_WARN_UNUSED_FUNCTION = YES;
				GCC_WARN_UNUSED_VARIABLE = YES;
				IPHONEOS_DEPLOYMENT_TARGET = 17.0;
				LOCALIZATION_PREFERS_STRING_CATALOGS = YES;
				MTL_ENABLE_DEBUG_INFO = NO;
				MTL_FAST_MATH = YES;
				SDKROOT = iphoneos;
				SWIFT_COMPILATION_MODE = wholemodule;
				VALIDATE_PRODUCT = YES;
			};
			name = Release;
		};
		BF48DCFF2ABD2FAA000CEFD6 /* Debug */ = {
			isa = XCBuildConfiguration;
			buildSettings = {
				ASSETCATALOG_COMPILER_APPICON_NAME = AppIcon;
				ASSETCATALOG_COMPILER_GLOBAL_ACCENT_COLOR_NAME = AccentColor;
				CODE_SIGN_STYLE = Automatic;
				CURRENT_PROJECT_VERSION = 1;
				DEVELOPMENT_TEAM = RKG4N9K9YM;
				GENERATE_INFOPLIST_FILE = YES;
				INFOPLIST_FILE = FreeSeoulCulturalLife/Resource/Info.plist;
				INFOPLIST_KEY_UIApplicationSupportsIndirectInputEvents = YES;
				INFOPLIST_KEY_UILaunchStoryboardName = LaunchScreen;
				INFOPLIST_KEY_UISupportedInterfaceOrientations_iPad = "UIInterfaceOrientationPortrait UIInterfaceOrientationPortraitUpsideDown UIInterfaceOrientationLandscapeLeft UIInterfaceOrientationLandscapeRight";
				INFOPLIST_KEY_UISupportedInterfaceOrientations_iPhone = "UIInterfaceOrientationPortrait UIInterfaceOrientationLandscapeLeft UIInterfaceOrientationLandscapeRight";
				LD_RUNPATH_SEARCH_PATHS = (
					"$(inherited)",
					"@executable_path/Frameworks",
				);
				MARKETING_VERSION = 1.0;
				PRODUCT_BUNDLE_IDENTIFIER = com.Gundy.FreeSeoulCulturalLife;
				PRODUCT_NAME = "$(TARGET_NAME)";
				SWIFT_EMIT_LOC_STRINGS = YES;
				SWIFT_VERSION = 5.0;
				TARGETED_DEVICE_FAMILY = "1,2";
			};
			name = Debug;
		};
		BF48DD002ABD2FAA000CEFD6 /* Release */ = {
			isa = XCBuildConfiguration;
			buildSettings = {
				ASSETCATALOG_COMPILER_APPICON_NAME = AppIcon;
				ASSETCATALOG_COMPILER_GLOBAL_ACCENT_COLOR_NAME = AccentColor;
				CODE_SIGN_STYLE = Automatic;
				CURRENT_PROJECT_VERSION = 1;
				DEVELOPMENT_TEAM = RKG4N9K9YM;
				GENERATE_INFOPLIST_FILE = YES;
				INFOPLIST_FILE = FreeSeoulCulturalLife/Resource/Info.plist;
				INFOPLIST_KEY_UIApplicationSupportsIndirectInputEvents = YES;
				INFOPLIST_KEY_UILaunchStoryboardName = LaunchScreen;
				INFOPLIST_KEY_UISupportedInterfaceOrientations_iPad = "UIInterfaceOrientationPortrait UIInterfaceOrientationPortraitUpsideDown UIInterfaceOrientationLandscapeLeft UIInterfaceOrientationLandscapeRight";
				INFOPLIST_KEY_UISupportedInterfaceOrientations_iPhone = "UIInterfaceOrientationPortrait UIInterfaceOrientationLandscapeLeft UIInterfaceOrientationLandscapeRight";
				LD_RUNPATH_SEARCH_PATHS = (
					"$(inherited)",
					"@executable_path/Frameworks",
				);
				MARKETING_VERSION = 1.0;
				PRODUCT_BUNDLE_IDENTIFIER = com.Gundy.FreeSeoulCulturalLife;
				PRODUCT_NAME = "$(TARGET_NAME)";
				SWIFT_EMIT_LOC_STRINGS = YES;
				SWIFT_VERSION = 5.0;
				TARGETED_DEVICE_FAMILY = "1,2";
			};
			name = Release;
		};
/* End XCBuildConfiguration section */

/* Begin XCConfigurationList section */
		BF48DCE52ABD2FA9000CEFD6 /* Build configuration list for PBXProject "FreeSeoulCulturalLife" */ = {
			isa = XCConfigurationList;
			buildConfigurations = (
				BF48DCFC2ABD2FAA000CEFD6 /* Debug */,
				BF48DCFD2ABD2FAA000CEFD6 /* Release */,
			);
			defaultConfigurationIsVisible = 0;
			defaultConfigurationName = Release;
		};
		BF48DCFE2ABD2FAA000CEFD6 /* Build configuration list for PBXNativeTarget "FreeSeoulCulturalLife" */ = {
			isa = XCConfigurationList;
			buildConfigurations = (
				BF48DCFF2ABD2FAA000CEFD6 /* Debug */,
				BF48DD002ABD2FAA000CEFD6 /* Release */,
			);
			defaultConfigurationIsVisible = 0;
			defaultConfigurationName = Release;
		};
/* End XCConfigurationList section */
	};
	rootObject = BF48DCE22ABD2FA9000CEFD6 /* Project object */;
}
